
Microsoft Visual Studio Solution File, Format Version 12.00
# Visual Studio 15
VisualStudioVersion = 15.0.28307.1209
MinimumVisualStudioVersion = 10.0.40219.1
Project("{8BC9CEB8-8B4A-11D0-8D11-00A0C91BC942}") = "predict", "predict.vcxproj", "{2AE618DF-BA83-420B-8801-AA8BB18D8E72}"
EndProject
Global
	GlobalSection(SolutionConfigurationPlatforms) = preSolution
		Debug|x64 = Debug|x64
		Debug|x86 = Debug|x86
		Release|x64 = Release|x64
		Release|x86 = Release|x86
	EndGlobalSection
	GlobalSection(ProjectConfigurationPlatforms) = postSolution
		{2AE618DF-BA83-420B-8801-AA8BB18D8E72}.Debug|x64.ActiveCfg = Debug|x64
		{2AE618DF-BA83-420B-8801-AA8BB18D8E72}.Debug|x64.Build.0 = Debug|x64
		{2AE618DF-BA83-420B-8801-AA8BB18D8E72}.Debug|x86.ActiveCfg = Debug|Win32
		{2AE618DF-BA83-420B-8801-AA8BB18D8E72}.Debug|x86.Build.0 = Debug|Win32
		{2AE618DF-BA83-420B-8801-AA8BB18D8E72}.Release|x64.ActiveCfg = Release|x64
		{2AE618DF-BA83-420B-8801-AA8BB18D8E72}.Release|x64.Build.0 = Release|x64
		{2AE618DF-BA83-420B-8801-AA8BB18D8E72}.Release|x86.ActiveCfg = Release|Win32
		{2AE618DF-BA83-420B-8801-AA8BB18D8E72}.Release|x86.Build.0 = Release|Win32
	EndGlobalSection
	GlobalSection(SolutionProperties) = preSolution
		HideSolutionNode = FALSE
	EndGlobalSection
	GlobalSection(ExtensibilityGlobals) = postSolution
		SolutionGuid = {8AD74DE3-16E5-4E13-98D2-017FBB818A74}
	EndGlobalSection
EndGlobal
